
Microsoft Visual Studio Solution File, Format Version 12.00
# Visual Studio Version 17
VisualStudioVersion = 17.0.32112.339
MinimumVisualStudioVersion = 10.0.40219.1
Project("{9A19103F-16F7-4668-BE54-9A1E7A4F7556}") = "reCaptchaLib", "reCaptchaLib\reCaptchaLib.csproj", "{36BDFC37-4462-4550-8082-592B3CB6D402}"
EndProject
Project("{2150E333-8FDC-42A3-9474-1A3956D46DE8}") = "Solution Items", "Solution Items", "{A681F079-260D-46E3-80A6-373622247D80}"
	ProjectSection(SolutionItems) = preProject
		README.md = README.md
	EndProjectSection
EndProject
Project("{2150E333-8FDC-42A3-9474-1A3956D46DE8}") = "DB", "DB", "{D2AECA7B-FA0B-4126-A855-A7EB6F610C3E}"
EndProject
Project("{9A19103F-16F7-4668-BE54-9A1E7A4F7556}") = "DbLayerLib", "DatabaseContext\DbLayerLib\DbLayerLib.csproj", "{FEE32253-74F0-4F88-B1FF-A02E6DCB1E6B}"
EndProject
Project("{9A19103F-16F7-4668-BE54-9A1E7A4F7556}") = "DbTablesLib", "DatabaseContext\DbTablesLib\DbTablesLib.csproj", "{75E51297-8D33-4A84-9493-C59C5A7BF89D}"
EndProject
Project("{2150E333-8FDC-42A3-9474-1A3956D46DE8}") = "Libs", "Libs", "{F99D68C0-4AD8-4EB1-848D-87731B8E6E16}"
EndProject
Project("{2150E333-8FDC-42A3-9474-1A3956D46DE8}") = "Context", "Context", "{B2981357-A5B9-4C42-B003-A6054A36A110}"
EndProject
Project("{9A19103F-16F7-4668-BE54-9A1E7A4F7556}") = "SharedLib", "SharedLib\SharedLib.csproj", "{61FA4BE6-68BC-4954-81ED-7D7940C70C95}"
EndProject
Project("{9A19103F-16F7-4668-BE54-9A1E7A4F7556}") = "ServerLib", "ServerLib\ServerLib.csproj", "{66EA6642-65E4-4A0D-9450-A192F5428B5F}"
EndProject
Project("{9A19103F-16F7-4668-BE54-9A1E7A4F7556}") = "BlazorWasmApp", "BlazorWasmApp\BlazorWasmApp.csproj", "{9B7FE7A7-A12F-41EB-A2E7-C3E6CDEE6617}"
EndProject
Project("{9A19103F-16F7-4668-BE54-9A1E7A4F7556}") = "ApiRestApp", "ApiRestApp\ApiRestApp.csproj", "{2315B21E-34F4-45A1-B137-7D860BB18B60}"
EndProject
Project("{9A19103F-16F7-4668-BE54-9A1E7A4F7556}") = "DbSqliteLib", "DatabaseContext\DbSqliteLib\DbSqliteLib.csproj", "{3C93EFBF-8F5C-4E6D-AB65-67E72115AFB2}"
EndProject
Project("{9A19103F-16F7-4668-BE54-9A1E7A4F7556}") = "DbPostgreLib", "DatabaseContext\DbPostgreLib\DbPostgreLib.csproj", "{D126A6E1-00E5-4BE7-8076-669BB3C36607}"
EndProject
Global
	GlobalSection(SolutionConfigurationPlatforms) = preSolution
		Debug|Any CPU = Debug|Any CPU
		Release|Any CPU = Release|Any CPU
	EndGlobalSection
	GlobalSection(ProjectConfigurationPlatforms) = postSolution
		{36BDFC37-4462-4550-8082-592B3CB6D402}.Debug|Any CPU.ActiveCfg = Debug|Any CPU
		{36BDFC37-4462-4550-8082-592B3CB6D402}.Debug|Any CPU.Build.0 = Debug|Any CPU
		{36BDFC37-4462-4550-8082-592B3CB6D402}.Release|Any CPU.ActiveCfg = Release|Any CPU
		{36BDFC37-4462-4550-8082-592B3CB6D402}.Release|Any CPU.Build.0 = Release|Any CPU
		{FEE32253-74F0-4F88-B1FF-A02E6DCB1E6B}.Debug|Any CPU.ActiveCfg = Debug|Any CPU
		{FEE32253-74F0-4F88-B1FF-A02E6DCB1E6B}.Debug|Any CPU.Build.0 = Debug|Any CPU
		{FEE32253-74F0-4F88-B1FF-A02E6DCB1E6B}.Release|Any CPU.ActiveCfg = Release|Any CPU
		{FEE32253-74F0-4F88-B1FF-A02E6DCB1E6B}.Release|Any CPU.Build.0 = Release|Any CPU
		{75E51297-8D33-4A84-9493-C59C5A7BF89D}.Debug|Any CPU.ActiveCfg = Debug|Any CPU
		{75E51297-8D33-4A84-9493-C59C5A7BF89D}.Debug|Any CPU.Build.0 = Debug|Any CPU
		{75E51297-8D33-4A84-9493-C59C5A7BF89D}.Release|Any CPU.ActiveCfg = Release|Any CPU
		{75E51297-8D33-4A84-9493-C59C5A7BF89D}.Release|Any CPU.Build.0 = Release|Any CPU
		{61FA4BE6-68BC-4954-81ED-7D7940C70C95}.Debug|Any CPU.ActiveCfg = Debug|Any CPU
		{61FA4BE6-68BC-4954-81ED-7D7940C70C95}.Debug|Any CPU.Build.0 = Debug|Any CPU
		{61FA4BE6-68BC-4954-81ED-7D7940C70C95}.Release|Any CPU.ActiveCfg = Release|Any CPU
		{61FA4BE6-68BC-4954-81ED-7D7940C70C95}.Release|Any CPU.Build.0 = Release|Any CPU
		{66EA6642-65E4-4A0D-9450-A192F5428B5F}.Debug|Any CPU.ActiveCfg = Debug|Any CPU
		{66EA6642-65E4-4A0D-9450-A192F5428B5F}.Debug|Any CPU.Build.0 = Debug|Any CPU
		{66EA6642-65E4-4A0D-9450-A192F5428B5F}.Release|Any CPU.ActiveCfg = Release|Any CPU
		{66EA6642-65E4-4A0D-9450-A192F5428B5F}.Release|Any CPU.Build.0 = Release|Any CPU
		{9B7FE7A7-A12F-41EB-A2E7-C3E6CDEE6617}.Debug|Any CPU.ActiveCfg = Debug|Any CPU
		{9B7FE7A7-A12F-41EB-A2E7-C3E6CDEE6617}.Debug|Any CPU.Build.0 = Debug|Any CPU
		{9B7FE7A7-A12F-41EB-A2E7-C3E6CDEE6617}.Release|Any CPU.ActiveCfg = Release|Any CPU
		{9B7FE7A7-A12F-41EB-A2E7-C3E6CDEE6617}.Release|Any CPU.Build.0 = Release|Any CPU
		{2315B21E-34F4-45A1-B137-7D860BB18B60}.Debug|Any CPU.ActiveCfg = Debug|Any CPU
		{2315B21E-34F4-45A1-B137-7D860BB18B60}.Debug|Any CPU.Build.0 = Debug|Any CPU
		{2315B21E-34F4-45A1-B137-7D860BB18B60}.Release|Any CPU.ActiveCfg = Release|Any CPU
		{2315B21E-34F4-45A1-B137-7D860BB18B60}.Release|Any CPU.Build.0 = Release|Any CPU
		{3C93EFBF-8F5C-4E6D-AB65-67E72115AFB2}.Debug|Any CPU.ActiveCfg = Debug|Any CPU
		{3C93EFBF-8F5C-4E6D-AB65-67E72115AFB2}.Debug|Any CPU.Build.0 = Debug|Any CPU
		{3C93EFBF-8F5C-4E6D-AB65-67E72115AFB2}.Release|Any CPU.ActiveCfg = Release|Any CPU
		{3C93EFBF-8F5C-4E6D-AB65-67E72115AFB2}.Release|Any CPU.Build.0 = Release|Any CPU
		{D126A6E1-00E5-4BE7-8076-669BB3C36607}.Debug|Any CPU.ActiveCfg = Debug|Any CPU
		{D126A6E1-00E5-4BE7-8076-669BB3C36607}.Debug|Any CPU.Build.0 = Debug|Any CPU
		{D126A6E1-00E5-4BE7-8076-669BB3C36607}.Release|Any CPU.ActiveCfg = Release|Any CPU
		{D126A6E1-00E5-4BE7-8076-669BB3C36607}.Release|Any CPU.Build.0 = Release|Any CPU
	EndGlobalSection
	GlobalSection(SolutionProperties) = preSolution
		HideSolutionNode = FALSE
	EndGlobalSection
	GlobalSection(NestedProjects) = preSolution
		{FEE32253-74F0-4F88-B1FF-A02E6DCB1E6B} = {D2AECA7B-FA0B-4126-A855-A7EB6F610C3E}
		{75E51297-8D33-4A84-9493-C59C5A7BF89D} = {D2AECA7B-FA0B-4126-A855-A7EB6F610C3E}
		{B2981357-A5B9-4C42-B003-A6054A36A110} = {D2AECA7B-FA0B-4126-A855-A7EB6F610C3E}
		{61FA4BE6-68BC-4954-81ED-7D7940C70C95} = {F99D68C0-4AD8-4EB1-848D-87731B8E6E16}
		{66EA6642-65E4-4A0D-9450-A192F5428B5F} = {F99D68C0-4AD8-4EB1-848D-87731B8E6E16}
		{3C93EFBF-8F5C-4E6D-AB65-67E72115AFB2} = {B2981357-A5B9-4C42-B003-A6054A36A110}
		{D126A6E1-00E5-4BE7-8076-669BB3C36607} = {B2981357-A5B9-4C42-B003-A6054A36A110}
	EndGlobalSection
	GlobalSection(ExtensibilityGlobals) = postSolution
		SolutionGuid = {04854DE6-CA50-4C98-AB54-EF015E5CF3E7}
	EndGlobalSection
EndGlobal
