
Microsoft Visual Studio Solution File, Format Version 12.00
# Visual Studio Version 17
VisualStudioVersion = 17.0.32112.339
MinimumVisualStudioVersion = 10.0.40219.1
Project("{9A19103F-16F7-4668-BE54-9A1E7A4F7556}") = "ApiMetaApp", "ApiMetaApp\ApiMetaApp.csproj", "{89297FA9-9B8F-4500-93AA-F35B1491E228}"
EndProject
Project("{9A19103F-16F7-4668-BE54-9A1E7A4F7556}") = "WebMetaApp", "WebMetaApp\WebMetaApp.csproj", "{E15E160C-84BB-4D11-A538-C40C6AE7C491}"
EndProject
Project("{9A19103F-16F7-4668-BE54-9A1E7A4F7556}") = "DbcMetaSqliteLib", "DbcMetaLib\DbcMetaSqliteLib.csproj", "{6FB1234A-4D75-4E24-BF6F-DCDE76D78C48}"
EndProject
Project("{9A19103F-16F7-4668-BE54-9A1E7A4F7556}") = "MetaLib", "MetaLib\MetaLib.csproj", "{5B8C5190-25C3-41D1-8E87-FDCE298F6EDA}"
EndProject
Project("{9A19103F-16F7-4668-BE54-9A1E7A4F7556}") = "reCaptchaLib", "reCaptchaLib\reCaptchaLib.csproj", "{60256C09-DDEE-4213-97A5-C193257F12EB}"
EndProject
Project("{9A19103F-16F7-4668-BE54-9A1E7A4F7556}") = "SrvMetaLib", "SrvMetaLib\SrvMetaLib.csproj", "{2F222539-EA6C-41B5-B5D9-79E3AE6F9785}"
EndProject
Project("{9A19103F-16F7-4668-BE54-9A1E7A4F7556}") = "DbcPostgre", "DbcPostgre\DbcPostgre.csproj", "{C8E9C1CD-42E9-4D3B-B132-030478986061}"
EndProject
Project("{9A19103F-16F7-4668-BE54-9A1E7A4F7556}") = "DbLayerLib", "DbLayerLib\DbLayerLib.csproj", "{46EBEA83-AE15-4C6B-933A-282CACC1DF2B}"
EndProject
Project("{9A19103F-16F7-4668-BE54-9A1E7A4F7556}") = "DbTablesLib", "DbTablesLib\DbTablesLib.csproj", "{0BEC83ED-115E-4430-84D6-AACC533D2D3F}"
EndProject
Global
	GlobalSection(SolutionConfigurationPlatforms) = preSolution
		Debug|Any CPU = Debug|Any CPU
		Release|Any CPU = Release|Any CPU
	EndGlobalSection
	GlobalSection(ProjectConfigurationPlatforms) = postSolution
		{89297FA9-9B8F-4500-93AA-F35B1491E228}.Debug|Any CPU.ActiveCfg = Debug|Any CPU
		{89297FA9-9B8F-4500-93AA-F35B1491E228}.Debug|Any CPU.Build.0 = Debug|Any CPU
		{89297FA9-9B8F-4500-93AA-F35B1491E228}.Release|Any CPU.ActiveCfg = Release|Any CPU
		{89297FA9-9B8F-4500-93AA-F35B1491E228}.Release|Any CPU.Build.0 = Release|Any CPU
		{E15E160C-84BB-4D11-A538-C40C6AE7C491}.Debug|Any CPU.ActiveCfg = Debug|Any CPU
		{E15E160C-84BB-4D11-A538-C40C6AE7C491}.Debug|Any CPU.Build.0 = Debug|Any CPU
		{E15E160C-84BB-4D11-A538-C40C6AE7C491}.Release|Any CPU.ActiveCfg = Release|Any CPU
		{E15E160C-84BB-4D11-A538-C40C6AE7C491}.Release|Any CPU.Build.0 = Release|Any CPU
		{6FB1234A-4D75-4E24-BF6F-DCDE76D78C48}.Debug|Any CPU.ActiveCfg = Debug|Any CPU
		{6FB1234A-4D75-4E24-BF6F-DCDE76D78C48}.Debug|Any CPU.Build.0 = Debug|Any CPU
		{6FB1234A-4D75-4E24-BF6F-DCDE76D78C48}.Release|Any CPU.ActiveCfg = Release|Any CPU
		{6FB1234A-4D75-4E24-BF6F-DCDE76D78C48}.Release|Any CPU.Build.0 = Release|Any CPU
		{5B8C5190-25C3-41D1-8E87-FDCE298F6EDA}.Debug|Any CPU.ActiveCfg = Debug|Any CPU
		{5B8C5190-25C3-41D1-8E87-FDCE298F6EDA}.Debug|Any CPU.Build.0 = Debug|Any CPU
		{5B8C5190-25C3-41D1-8E87-FDCE298F6EDA}.Release|Any CPU.ActiveCfg = Release|Any CPU
		{5B8C5190-25C3-41D1-8E87-FDCE298F6EDA}.Release|Any CPU.Build.0 = Release|Any CPU
		{60256C09-DDEE-4213-97A5-C193257F12EB}.Debug|Any CPU.ActiveCfg = Debug|Any CPU
		{60256C09-DDEE-4213-97A5-C193257F12EB}.Debug|Any CPU.Build.0 = Debug|Any CPU
		{60256C09-DDEE-4213-97A5-C193257F12EB}.Release|Any CPU.ActiveCfg = Release|Any CPU
		{60256C09-DDEE-4213-97A5-C193257F12EB}.Release|Any CPU.Build.0 = Release|Any CPU
		{2F222539-EA6C-41B5-B5D9-79E3AE6F9785}.Debug|Any CPU.ActiveCfg = Debug|Any CPU
		{2F222539-EA6C-41B5-B5D9-79E3AE6F9785}.Debug|Any CPU.Build.0 = Debug|Any CPU
		{2F222539-EA6C-41B5-B5D9-79E3AE6F9785}.Release|Any CPU.ActiveCfg = Release|Any CPU
		{2F222539-EA6C-41B5-B5D9-79E3AE6F9785}.Release|Any CPU.Build.0 = Release|Any CPU
		{C8E9C1CD-42E9-4D3B-B132-030478986061}.Debug|Any CPU.ActiveCfg = Debug|Any CPU
		{C8E9C1CD-42E9-4D3B-B132-030478986061}.Debug|Any CPU.Build.0 = Debug|Any CPU
		{C8E9C1CD-42E9-4D3B-B132-030478986061}.Release|Any CPU.ActiveCfg = Release|Any CPU
		{C8E9C1CD-42E9-4D3B-B132-030478986061}.Release|Any CPU.Build.0 = Release|Any CPU
		{46EBEA83-AE15-4C6B-933A-282CACC1DF2B}.Debug|Any CPU.ActiveCfg = Debug|Any CPU
		{46EBEA83-AE15-4C6B-933A-282CACC1DF2B}.Debug|Any CPU.Build.0 = Debug|Any CPU
		{46EBEA83-AE15-4C6B-933A-282CACC1DF2B}.Release|Any CPU.ActiveCfg = Release|Any CPU
		{46EBEA83-AE15-4C6B-933A-282CACC1DF2B}.Release|Any CPU.Build.0 = Release|Any CPU
		{0BEC83ED-115E-4430-84D6-AACC533D2D3F}.Debug|Any CPU.ActiveCfg = Debug|Any CPU
		{0BEC83ED-115E-4430-84D6-AACC533D2D3F}.Debug|Any CPU.Build.0 = Debug|Any CPU
		{0BEC83ED-115E-4430-84D6-AACC533D2D3F}.Release|Any CPU.ActiveCfg = Release|Any CPU
		{0BEC83ED-115E-4430-84D6-AACC533D2D3F}.Release|Any CPU.Build.0 = Release|Any CPU
	EndGlobalSection
	GlobalSection(SolutionProperties) = preSolution
		HideSolutionNode = FALSE
	EndGlobalSection
	GlobalSection(ExtensibilityGlobals) = postSolution
		SolutionGuid = {7418CFC7-090C-4266-AA7E-D7D9476838EC}
	EndGlobalSection
EndGlobal
